
Microsoft Visual Studio Solution File, Format Version 12.00
# Visual Studio Version 17
VisualStudioVersion = 17.9.34622.214
MinimumVisualStudioVersion = 10.0.40219.1
Project("{FAE04EC0-301F-11D3-BF4B-00C04F79EFBC}") = "Lab4Wpf", "Lab4Wpf\Lab4Wpf.csproj", "{29DB2B9F-AAE4-48D2-80A0-93CB037E66AF}"
EndProject
Global
	GlobalSection(SolutionConfigurationPlatforms) = preSolution
		Debug|Any CPU = Debug|Any CPU
		Release|Any CPU = Release|Any CPU
	EndGlobalSection
	GlobalSection(ProjectConfigurationPlatforms) = postSolution
		{29DB2B9F-AAE4-48D2-80A0-93CB037E66AF}.Debug|Any CPU.ActiveCfg = Debug|Any CPU
		{29DB2B9F-AAE4-48D2-80A0-93CB037E66AF}.Debug|Any CPU.Build.0 = Debug|Any CPU
		{29DB2B9F-AAE4-48D2-80A0-93CB037E66AF}.Release|Any CPU.ActiveCfg = Release|Any CPU
		{29DB2B9F-AAE4-48D2-80A0-93CB037E66AF}.Release|Any CPU.Build.0 = Release|Any CPU
	EndGlobalSection
	GlobalSection(SolutionProperties) = preSolution
		HideSolutionNode = FALSE
	EndGlobalSection
	GlobalSection(ExtensibilityGlobals) = postSolution
		SolutionGuid = {CD40794E-E28E-4C7E-A2F2-EE1D84AE26A1}
	EndGlobalSection
EndGlobal
